
Microsoft Visual Studio Solution File, Format Version 12.00
Project("{FAE04EC0-301F-11D3-BF4B-00C04F79EFBC}") = "MemoryPageAccessSimulator", "MemoryPageAccessSimulator\MemoryPageAccessSimulator.csproj", "{5D220232-094C-4759-9CB9-D2CEA802C220}"
EndProject
Project("{FAE04EC0-301F-11D3-BF4B-00C04F79EFBC}") = "BTreeIndexedFileSimulator", "BTreeIndexedFileSimulator\BTreeIndexedFileSimulator.csproj", "{1ED1EEAE-36CF-4B2F-B8C9-94627AF57EF4}"
EndProject
Global
	GlobalSection(SolutionConfigurationPlatforms) = preSolution
		Debug|Any CPU = Debug|Any CPU
		Release|Any CPU = Release|Any CPU
	EndGlobalSection
	GlobalSection(ProjectConfigurationPlatforms) = postSolution
		{5D220232-094C-4759-9CB9-D2CEA802C220}.Debug|Any CPU.ActiveCfg = Debug|Any CPU
		{5D220232-094C-4759-9CB9-D2CEA802C220}.Debug|Any CPU.Build.0 = Debug|Any CPU
		{5D220232-094C-4759-9CB9-D2CEA802C220}.Release|Any CPU.ActiveCfg = Release|Any CPU
		{5D220232-094C-4759-9CB9-D2CEA802C220}.Release|Any CPU.Build.0 = Release|Any CPU
		{1ED1EEAE-36CF-4B2F-B8C9-94627AF57EF4}.Debug|Any CPU.ActiveCfg = Debug|Any CPU
		{1ED1EEAE-36CF-4B2F-B8C9-94627AF57EF4}.Debug|Any CPU.Build.0 = Debug|Any CPU
		{1ED1EEAE-36CF-4B2F-B8C9-94627AF57EF4}.Release|Any CPU.ActiveCfg = Release|Any CPU
		{1ED1EEAE-36CF-4B2F-B8C9-94627AF57EF4}.Release|Any CPU.Build.0 = Release|Any CPU
	EndGlobalSection
EndGlobal
